// !$*UTF8*$!
{
	archiveVersion = 1;
	classes = {
	};
	objectVersion = 55;
	objects = {

/* Begin PBXBuildFile section */
		7013929727FC01FB00DA7DDF /* Global.swift in Sources */ = {isa = PBXBuildFile; fileRef = 7013929627FC01FB00DA7DDF /* Global.swift */; };
		703052D628112405004FD5D2 /* Dictionary.swift in Sources */ = {isa = PBXBuildFile; fileRef = 703052D528112405004FD5D2 /* Dictionary.swift */; };
		703052D82811318C004FD5D2 /* Words.swift in Sources */ = {isa = PBXBuildFile; fileRef = 703052D72811318C004FD5D2 /* Words.swift */; };
		70564F8327F5AAEE00EBA186 /* UserSentenceList.swift in Sources */ = {isa = PBXBuildFile; fileRef = 70564F8127F5AAEE00EBA186 /* UserSentenceList.swift */; };
		70564F8427F5AAEE00EBA186 /* AddUserSentenceView.swift in Sources */ = {isa = PBXBuildFile; fileRef = 70564F8227F5AAEE00EBA186 /* AddUserSentenceView.swift */; };
		70564F8627F5ABC800EBA186 /* UserSentenceListViewModel.swift in Sources */ = {isa = PBXBuildFile; fileRef = 70564F8527F5ABC800EBA186 /* UserSentenceListViewModel.swift */; };
		70564F8827F5AC3800EBA186 /* UserSentence+Extensions.swift in Sources */ = {isa = PBXBuildFile; fileRef = 70564F8727F5AC3800EBA186 /* UserSentence+Extensions.swift */; };
		707D1E6F27DDD02E0020557E /* AangilamApp.swift in Sources */ = {isa = PBXBuildFile; fileRef = 707D1E6E27DDD02E0020557E /* AangilamApp.swift */; };
		707D1E7127DDD02E0020557E /* HomeView.swift in Sources */ = {isa = PBXBuildFile; fileRef = 707D1E7027DDD02E0020557E /* HomeView.swift */; };
		707D1E7327DDD0330020557E /* Assets.xcassets in Resources */ = {isa = PBXBuildFile; fileRef = 707D1E7227DDD0330020557E /* Assets.xcassets */; };
		707D1E7627DDD0330020557E /* Preview Assets.xcassets in Resources */ = {isa = PBXBuildFile; fileRef = 707D1E7527DDD0330020557E /* Preview Assets.xcassets */; };
		707D1E7E27DDE4300020557E /* AangilamModel.xcdatamodeld in Sources */ = {isa = PBXBuildFile; fileRef = 707D1E7C27DDE4300020557E /* AangilamModel.xcdatamodeld */; };
		707D1E8127DDE5EB0020557E /* CoreDataProvider.swift in Sources */ = {isa = PBXBuildFile; fileRef = 707D1E8027DDE5EB0020557E /* CoreDataProvider.swift */; };
		707D1E8427DDE86E0020557E /* BaseModel.swift in Sources */ = {isa = PBXBuildFile; fileRef = 707D1E8327DDE86E0020557E /* BaseModel.swift */; };
		707D1E8627DDE8DE0020557E /* UserWord+Extensions.swift in Sources */ = {isa = PBXBuildFile; fileRef = 707D1E8527DDE8DE0020557E /* UserWord+Extensions.swift */; };
		707D1E8927DE6C760020557E /* ExtensionHelper.swift in Sources */ = {isa = PBXBuildFile; fileRef = 707D1E8827DE6C760020557E /* ExtensionHelper.swift */; };
		707D1E8C27DE6D130020557E /* UserWordListViewModel.swift in Sources */ = {isa = PBXBuildFile; fileRef = 707D1E8B27DE6D130020557E /* UserWordListViewModel.swift */; };
		707D1E9027DE797D0020557E /* AddUserWordView.swift in Sources */ = {isa = PBXBuildFile; fileRef = 707D1E8F27DE797D0020557E /* AddUserWordView.swift */; };
		708AEE4D27F22DC200DCB00A /* UserWordList.swift in Sources */ = {isa = PBXBuildFile; fileRef = 708AEE4C27F22DC200DCB00A /* UserWordList.swift */; };
		709A281127F6ED300018FC37 /* Test.swift in Sources */ = {isa = PBXBuildFile; fileRef = 709A281027F6ED300018FC37 /* Test.swift */; };
		70A6B85E27FD60CF00618D66 /* FlipView.swift in Sources */ = {isa = PBXBuildFile; fileRef = 70A6B85D27FD60CF00618D66 /* FlipView.swift */; };
		70A6B86027FD654E00618D66 /* FlipCardGame.swift in Sources */ = {isa = PBXBuildFile; fileRef = 70A6B85F27FD654E00618D66 /* FlipCardGame.swift */; };
		70A745FF2808A7F5005892E1 /* RandomSentenceView.swift in Sources */ = {isa = PBXBuildFile; fileRef = 70A745FE2808A7F5005892E1 /* RandomSentenceView.swift */; };
		70DFA4C027F8B28D007FADB1 /* UserPhrase+Extensions.swift in Sources */ = {isa = PBXBuildFile; fileRef = 70DFA4BF27F8B28D007FADB1 /* UserPhrase+Extensions.swift */; };
		70DFA4C427F8B2DC007FADB1 /* UserPhraseListViewModel.swift in Sources */ = {isa = PBXBuildFile; fileRef = 70DFA4C227F8B2DC007FADB1 /* UserPhraseListViewModel.swift */; };
		70DFA4C727F8B2E4007FADB1 /* UserPhraseList.swift in Sources */ = {isa = PBXBuildFile; fileRef = 70DFA4C527F8B2E4007FADB1 /* UserPhraseList.swift */; };
		70DFA4C827F8B2E4007FADB1 /* AddUserPhraseView.swift in Sources */ = {isa = PBXBuildFile; fileRef = 70DFA4C627F8B2E4007FADB1 /* AddUserPhraseView.swift */; };
/* End PBXBuildFile section */

/* Begin PBXFileReference section */
		7013929627FC01FB00DA7DDF /* Global.swift */ = {isa = PBXFileReference; lastKnownFileType = sourcecode.swift; path = Global.swift; sourceTree = "<group>"; };
		703052D528112405004FD5D2 /* Dictionary.swift */ = {isa = PBXFileReference; lastKnownFileType = sourcecode.swift; path = Dictionary.swift; sourceTree = "<group>"; };
		703052D72811318C004FD5D2 /* Words.swift */ = {isa = PBXFileReference; lastKnownFileType = sourcecode.swift; path = Words.swift; sourceTree = "<group>"; };
		70564F8127F5AAEE00EBA186 /* UserSentenceList.swift */ = {isa = PBXFileReference; fileEncoding = 4; lastKnownFileType = sourcecode.swift; path = UserSentenceList.swift; sourceTree = "<group>"; };
		70564F8227F5AAEE00EBA186 /* AddUserSentenceView.swift */ = {isa = PBXFileReference; fileEncoding = 4; lastKnownFileType = sourcecode.swift; path = AddUserSentenceView.swift; sourceTree = "<group>"; };
		70564F8527F5ABC800EBA186 /* UserSentenceListViewModel.swift */ = {isa = PBXFileReference; lastKnownFileType = sourcecode.swift; path = UserSentenceListViewModel.swift; sourceTree = "<group>"; };
		70564F8727F5AC3800EBA186 /* UserSentence+Extensions.swift */ = {isa = PBXFileReference; lastKnownFileType = sourcecode.swift; path = "UserSentence+Extensions.swift"; sourceTree = "<group>"; };
		707D1E6B27DDD02E0020557E /* Aangilam.app */ = {isa = PBXFileReference; explicitFileType = wrapper.application; includeInIndex = 0; path = Aangilam.app; sourceTree = BUILT_PRODUCTS_DIR; };
		707D1E6E27DDD02E0020557E /* AangilamApp.swift */ = {isa = PBXFileReference; lastKnownFileType = sourcecode.swift; path = AangilamApp.swift; sourceTree = "<group>"; };
		707D1E7027DDD02E0020557E /* HomeView.swift */ = {isa = PBXFileReference; lastKnownFileType = sourcecode.swift; path = HomeView.swift; sourceTree = "<group>"; };
		707D1E7227DDD0330020557E /* Assets.xcassets */ = {isa = PBXFileReference; lastKnownFileType = folder.assetcatalog; path = Assets.xcassets; sourceTree = "<group>"; };
		707D1E7527DDD0330020557E /* Preview Assets.xcassets */ = {isa = PBXFileReference; lastKnownFileType = folder.assetcatalog; path = "Preview Assets.xcassets"; sourceTree = "<group>"; };
		707D1E7D27DDE4300020557E /* MozhiModel.xcdatamodel */ = {isa = PBXFileReference; lastKnownFileType = wrapper.xcdatamodel; path = MozhiModel.xcdatamodel; sourceTree = "<group>"; };
		707D1E8027DDE5EB0020557E /* CoreDataProvider.swift */ = {isa = PBXFileReference; lastKnownFileType = sourcecode.swift; path = CoreDataProvider.swift; sourceTree = "<group>"; };
		707D1E8327DDE86E0020557E /* BaseModel.swift */ = {isa = PBXFileReference; lastKnownFileType = sourcecode.swift; path = BaseModel.swift; sourceTree = "<group>"; };
		707D1E8527DDE8DE0020557E /* UserWord+Extensions.swift */ = {isa = PBXFileReference; lastKnownFileType = sourcecode.swift; path = "UserWord+Extensions.swift"; sourceTree = "<group>"; };
		707D1E8827DE6C760020557E /* ExtensionHelper.swift */ = {isa = PBXFileReference; lastKnownFileType = sourcecode.swift; path = ExtensionHelper.swift; sourceTree = "<group>"; };
		707D1E8B27DE6D130020557E /* UserWordListViewModel.swift */ = {isa = PBXFileReference; lastKnownFileType = sourcecode.swift; path = UserWordListViewModel.swift; sourceTree = "<group>"; };
		707D1E8F27DE797D0020557E /* AddUserWordView.swift */ = {isa = PBXFileReference; lastKnownFileType = sourcecode.swift; path = AddUserWordView.swift; sourceTree = "<group>"; };
		708AEE4C27F22DC200DCB00A /* UserWordList.swift */ = {isa = PBXFileReference; lastKnownFileType = sourcecode.swift; path = UserWordList.swift; sourceTree = "<group>"; };
		709A281027F6ED300018FC37 /* Test.swift */ = {isa = PBXFileReference; lastKnownFileType = sourcecode.swift; path = Test.swift; sourceTree = "<group>"; };
		70A6B85D27FD60CF00618D66 /* FlipView.swift */ = {isa = PBXFileReference; lastKnownFileType = sourcecode.swift; path = FlipView.swift; sourceTree = "<group>"; };
		70A6B85F27FD654E00618D66 /* FlipCardGame.swift */ = {isa = PBXFileReference; lastKnownFileType = sourcecode.swift; path = FlipCardGame.swift; sourceTree = "<group>"; };
		70A745FE2808A7F5005892E1 /* RandomSentenceView.swift */ = {isa = PBXFileReference; lastKnownFileType = sourcecode.swift; path = RandomSentenceView.swift; sourceTree = "<group>"; };
		70DFA4BF27F8B28D007FADB1 /* UserPhrase+Extensions.swift */ = {isa = PBXFileReference; lastKnownFileType = sourcecode.swift; path = "UserPhrase+Extensions.swift"; sourceTree = "<group>"; };
		70DFA4C227F8B2DC007FADB1 /* UserPhraseListViewModel.swift */ = {isa = PBXFileReference; fileEncoding = 4; lastKnownFileType = sourcecode.swift; path = UserPhraseListViewModel.swift; sourceTree = "<group>"; };
		70DFA4C527F8B2E4007FADB1 /* UserPhraseList.swift */ = {isa = PBXFileReference; fileEncoding = 4; lastKnownFileType = sourcecode.swift; path = UserPhraseList.swift; sourceTree = "<group>"; };
		70DFA4C627F8B2E4007FADB1 /* AddUserPhraseView.swift */ = {isa = PBXFileReference; fileEncoding = 4; lastKnownFileType = sourcecode.swift; path = AddUserPhraseView.swift; sourceTree = "<group>"; };
/* End PBXFileReference section */

/* Begin PBXFrameworksBuildPhase section */
		707D1E6827DDD02E0020557E /* Frameworks */ = {
			isa = PBXFrameworksBuildPhase;
			buildActionMask = 2147483647;
			files = (
			);
			runOnlyForDeploymentPostprocessing = 0;
		};
/* End PBXFrameworksBuildPhase section */

/* Begin PBXGroup section */
		7044F388280C74C0007B6DDE /* Service */ = {
			isa = PBXGroup;
			children = (
			);
			path = Service;
			sourceTree = "<group>";
		};
		707D1E6227DDD02E0020557E = {
			isa = PBXGroup;
			children = (
				707D1E6D27DDD02E0020557E /* Aangilam */,
				707D1E6C27DDD02E0020557E /* Products */,
			);
			sourceTree = "<group>";
		};
		707D1E6C27DDD02E0020557E /* Products */ = {
			isa = PBXGroup;
			children = (
				707D1E6B27DDD02E0020557E /* Aangilam.app */,
			);
			name = Products;
			sourceTree = "<group>";
		};
		707D1E6D27DDD02E0020557E /* Aangilam */ = {
			isa = PBXGroup;
			children = (
				7044F388280C74C0007B6DDE /* Service */,
				708EC4B427F3005600B91A42 /* Screens */,
				707D1E8A27DE6CF90020557E /* ViewModels */,
				707D1E8727DE6C5E0020557E /* Helpers */,
				707D1E8227DDE85D0020557E /* Models */,
				707D1E7F27DDE5D40020557E /* Provider */,
				707D1E6E27DDD02E0020557E /* AangilamApp.swift */,
				707D1E7227DDD0330020557E /* Assets.xcassets */,
				707D1E7427DDD0330020557E /* Preview Content */,
				707D1E7C27DDE4300020557E /* AangilamModel.xcdatamodeld */,
			);
			path = Aangilam;
			sourceTree = "<group>";
		};
		707D1E7427DDD0330020557E /* Preview Content */ = {
			isa = PBXGroup;
			children = (
				707D1E7527DDD0330020557E /* Preview Assets.xcassets */,
			);
			path = "Preview Content";
			sourceTree = "<group>";
		};
		707D1E7F27DDE5D40020557E /* Provider */ = {
			isa = PBXGroup;
			children = (
				707D1E8027DDE5EB0020557E /* CoreDataProvider.swift */,
			);
			path = Provider;
			sourceTree = "<group>";
		};
		707D1E8227DDE85D0020557E /* Models */ = {
			isa = PBXGroup;
			children = (
				707D1E8327DDE86E0020557E /* BaseModel.swift */,
				707D1E8527DDE8DE0020557E /* UserWord+Extensions.swift */,
				70564F8727F5AC3800EBA186 /* UserSentence+Extensions.swift */,
				70DFA4BF27F8B28D007FADB1 /* UserPhrase+Extensions.swift */,
				703052D72811318C004FD5D2 /* Words.swift */,
			);
			path = Models;
			sourceTree = "<group>";
		};
		707D1E8727DE6C5E0020557E /* Helpers */ = {
			isa = PBXGroup;
			children = (
				7013929627FC01FB00DA7DDF /* Global.swift */,
				707D1E8827DE6C760020557E /* ExtensionHelper.swift */,
			);
			path = Helpers;
			sourceTree = "<group>";
		};
		707D1E8A27DE6CF90020557E /* ViewModels */ = {
			isa = PBXGroup;
			children = (
				70DFA4C227F8B2DC007FADB1 /* UserPhraseListViewModel.swift */,
				707D1E8B27DE6D130020557E /* UserWordListViewModel.swift */,
				70564F8527F5ABC800EBA186 /* UserSentenceListViewModel.swift */,
			);
			path = ViewModels;
			sourceTree = "<group>";
		};
		708EC4B427F3005600B91A42 /* Screens */ = {
			isa = PBXGroup;
			children = (
				70DFA4C627F8B2E4007FADB1 /* AddUserPhraseView.swift */,
				70DFA4C527F8B2E4007FADB1 /* UserPhraseList.swift */,
				70564F8227F5AAEE00EBA186 /* AddUserSentenceView.swift */,
				70564F8127F5AAEE00EBA186 /* UserSentenceList.swift */,
				707D1E7027DDD02E0020557E /* HomeView.swift */,
				707D1E8F27DE797D0020557E /* AddUserWordView.swift */,
				708AEE4C27F22DC200DCB00A /* UserWordList.swift */,
				709A281027F6ED300018FC37 /* Test.swift */,
				70A6B85D27FD60CF00618D66 /* FlipView.swift */,
				70A6B85F27FD654E00618D66 /* FlipCardGame.swift */,
				70A745FE2808A7F5005892E1 /* RandomSentenceView.swift */,
				703052D528112405004FD5D2 /* Dictionary.swift */,
			);
			path = Screens;
			sourceTree = "<group>";
		};
/* End PBXGroup section */

/* Begin PBXNativeTarget section */
		707D1E6A27DDD02E0020557E /* Aangilam */ = {
			isa = PBXNativeTarget;
			buildConfigurationList = 707D1E7927DDD0330020557E /* Build configuration list for PBXNativeTarget "Aangilam" */;
			buildPhases = (
				707D1E6727DDD02E0020557E /* Sources */,
				707D1E6827DDD02E0020557E /* Frameworks */,
				707D1E6927DDD02E0020557E /* Resources */,
			);
			buildRules = (
			);
			dependencies = (
			);
			name = Aangilam;
			productName = Mozhi;
			productReference = 707D1E6B27DDD02E0020557E /* Aangilam.app */;
			productType = "com.apple.product-type.application";
		};
/* End PBXNativeTarget section */

/* Begin PBXProject section */
		707D1E6327DDD02E0020557E /* Project object */ = {
			isa = PBXProject;
			attributes = {
				BuildIndependentTargetsInParallel = 1;
				LastSwiftUpdateCheck = 1320;
				LastUpgradeCheck = 1320;
				TargetAttributes = {
					707D1E6A27DDD02E0020557E = {
						CreatedOnToolsVersion = 13.2.1;
					};
				};
			};
			buildConfigurationList = 707D1E6627DDD02E0020557E /* Build configuration list for PBXProject "Aangilam" */;
			compatibilityVersion = "Xcode 13.0";
			developmentRegion = en;
			hasScannedForEncodings = 0;
			knownRegions = (
				en,
				Base,
			);
			mainGroup = 707D1E6227DDD02E0020557E;
			productRefGroup = 707D1E6C27DDD02E0020557E /* Products */;
			projectDirPath = "";
			projectRoot = "";
			targets = (
				707D1E6A27DDD02E0020557E /* Aangilam */,
			);
		};
/* End PBXProject section */

/* Begin PBXResourcesBuildPhase section */
		707D1E6927DDD02E0020557E /* Resources */ = {
			isa = PBXResourcesBuildPhase;
			buildActionMask = 2147483647;
			files = (
				707D1E7627DDD0330020557E /* Preview Assets.xcassets in Resources */,
				707D1E7327DDD0330020557E /* Assets.xcassets in Resources */,
			);
			runOnlyForDeploymentPostprocessing = 0;
		};
/* End PBXResourcesBuildPhase section */

/* Begin PBXSourcesBuildPhase section */
		707D1E6727DDD02E0020557E /* Sources */ = {
			isa = PBXSourcesBuildPhase;
			buildActionMask = 2147483647;
			files = (
				70DFA4C827F8B2E4007FADB1 /* AddUserPhraseView.swift in Sources */,
				70564F8427F5AAEE00EBA186 /* AddUserSentenceView.swift in Sources */,
				70DFA4C727F8B2E4007FADB1 /* UserPhraseList.swift in Sources */,
				707D1E7E27DDE4300020557E /* AangilamModel.xcdatamodeld in Sources */,
				7013929727FC01FB00DA7DDF /* Global.swift in Sources */,
				70A745FF2808A7F5005892E1 /* RandomSentenceView.swift in Sources */,
				708AEE4D27F22DC200DCB00A /* UserWordList.swift in Sources */,
				709A281127F6ED300018FC37 /* Test.swift in Sources */,
				70DFA4C427F8B2DC007FADB1 /* UserPhraseListViewModel.swift in Sources */,
				703052D82811318C004FD5D2 /* Words.swift in Sources */,
				707D1E7127DDD02E0020557E /* HomeView.swift in Sources */,
				707D1E6F27DDD02E0020557E /* AangilamApp.swift in Sources */,
				70A6B85E27FD60CF00618D66 /* FlipView.swift in Sources */,
				707D1E8627DDE8DE0020557E /* UserWord+Extensions.swift in Sources */,
				70564F8327F5AAEE00EBA186 /* UserSentenceList.swift in Sources */,
				707D1E8127DDE5EB0020557E /* CoreDataProvider.swift in Sources */,
				707D1E9027DE797D0020557E /* AddUserWordView.swift in Sources */,
				707D1E8427DDE86E0020557E /* BaseModel.swift in Sources */,
				703052D628112405004FD5D2 /* Dictionary.swift in Sources */,
				70564F8627F5ABC800EBA186 /* UserSentenceListViewModel.swift in Sources */,
				70DFA4C027F8B28D007FADB1 /* UserPhrase+Extensions.swift in Sources */,
				70564F8827F5AC3800EBA186 /* UserSentence+Extensions.swift in Sources */,
				70A6B86027FD654E00618D66 /* FlipCardGame.swift in Sources */,
				707D1E8C27DE6D130020557E /* UserWordListViewModel.swift in Sources */,
				707D1E8927DE6C760020557E /* ExtensionHelper.swift in Sources */,
			);
			runOnlyForDeploymentPostprocessing = 0;
		};
/* End PBXSourcesBuildPhase section */

/* Begin XCBuildConfiguration section */
		707D1E7727DDD0330020557E /* Debug */ = {
			isa = XCBuildConfiguration;
			buildSettings = {
				ALWAYS_SEARCH_USER_PATHS = NO;
				CLANG_ANALYZER_NONNULL = YES;
				CLANG_ANALYZER_NUMBER_OBJECT_CONVERSION = YES_AGGRESSIVE;
				CLANG_CXX_LANGUAGE_STANDARD = "gnu++17";
				CLANG_CXX_LIBRARY = "libc++";
				CLANG_ENABLE_MODULES = YES;
				CLANG_ENABLE_OBJC_ARC = YES;
				CLANG_ENABLE_OBJC_WEAK = YES;
				CLANG_WARN_BLOCK_CAPTURE_AUTORELEASING = YES;
				CLANG_WARN_BOOL_CONVERSION = YES;
				CLANG_WARN_COMMA = YES;
				CLANG_WARN_CONSTANT_CONVERSION = YES;
				CLANG_WARN_DEPRECATED_OBJC_IMPLEMENTATIONS = YES;
				CLANG_WARN_DIRECT_OBJC_ISA_USAGE = YES_ERROR;
				CLANG_WARN_DOCUMENTATION_COMMENTS = YES;
				CLANG_WARN_EMPTY_BODY = YES;
				CLANG_WARN_ENUM_CONVERSION = YES;
				CLANG_WARN_INFINITE_RECURSION = YES;
				CLANG_WARN_INT_CONVERSION = YES;
				CLANG_WARN_NON_LITERAL_NULL_CONVERSION = YES;
				CLANG_WARN_OBJC_IMPLICIT_RETAIN_SELF = YES;
				CLANG_WARN_OBJC_LITERAL_CONVERSION = YES;
				CLANG_WARN_OBJC_ROOT_CLASS = YES_ERROR;
				CLANG_WARN_QUOTED_INCLUDE_IN_FRAMEWORK_HEADER = YES;
				CLANG_WARN_RANGE_LOOP_ANALYSIS = YES;
				CLANG_WARN_STRICT_PROTOTYPES = YES;
				CLANG_WARN_SUSPICIOUS_MOVE = YES;
				CLANG_WARN_UNGUARDED_AVAILABILITY = YES_AGGRESSIVE;
				CLANG_WARN_UNREACHABLE_CODE = YES;
				CLANG_WARN__DUPLICATE_METHOD_MATCH = YES;
				COPY_PHASE_STRIP = NO;
				DEBUG_INFORMATION_FORMAT = dwarf;
				ENABLE_STRICT_OBJC_MSGSEND = YES;
				ENABLE_TESTABILITY = YES;
				GCC_C_LANGUAGE_STANDARD = gnu11;
				GCC_DYNAMIC_NO_PIC = NO;
				GCC_NO_COMMON_BLOCKS = YES;
				GCC_OPTIMIZATION_LEVEL = 0;
				GCC_PREPROCESSOR_DEFINITIONS = (
					"DEBUG=1",
					"$(inherited)",
				);
				GCC_WARN_64_TO_32_BIT_CONVERSION = YES;
				GCC_WARN_ABOUT_RETURN_TYPE = YES_ERROR;
				GCC_WARN_UNDECLARED_SELECTOR = YES;
				GCC_WARN_UNINITIALIZED_AUTOS = YES_AGGRESSIVE;
				GCC_WARN_UNUSED_FUNCTION = YES;
				GCC_WARN_UNUSED_VARIABLE = YES;
				IPHONEOS_DEPLOYMENT_TARGET = 15.2;
				MTL_ENABLE_DEBUG_INFO = INCLUDE_SOURCE;
				MTL_FAST_MATH = YES;
				ONLY_ACTIVE_ARCH = YES;
				SDKROOT = iphoneos;
				SWIFT_ACTIVE_COMPILATION_CONDITIONS = DEBUG;
				SWIFT_OPTIMIZATION_LEVEL = "-Onone";
			};
			name = Debug;
		};
		707D1E7827DDD0330020557E /* Release */ = {
			isa = XCBuildConfiguration;
			buildSettings = {
				ALWAYS_SEARCH_USER_PATHS = NO;
				CLANG_ANALYZER_NONNULL = YES;
				CLANG_ANALYZER_NUMBER_OBJECT_CONVERSION = YES_AGGRESSIVE;
				CLANG_CXX_LANGUAGE_STANDARD = "gnu++17";
				CLANG_CXX_LIBRARY = "libc++";
				CLANG_ENABLE_MODULES = YES;
				CLANG_ENABLE_OBJC_ARC = YES;
				CLANG_ENABLE_OBJC_WEAK = YES;
				CLANG_WARN_BLOCK_CAPTURE_AUTORELEASING = YES;
				CLANG_WARN_BOOL_CONVERSION = YES;
				CLANG_WARN_COMMA = YES;
				CLANG_WARN_CONSTANT_CONVERSION = YES;
				CLANG_WARN_DEPRECATED_OBJC_IMPLEMENTATIONS = YES;
				CLANG_WARN_DIRECT_OBJC_ISA_USAGE = YES_ERROR;
				CLANG_WARN_DOCUMENTATION_COMMENTS = YES;
				CLANG_WARN_EMPTY_BODY = YES;
				CLANG_WARN_ENUM_CONVERSION = YES;
				CLANG_WARN_INFINITE_RECURSION = YES;
				CLANG_WARN_INT_CONVERSION = YES;
				CLANG_WARN_NON_LITERAL_NULL_CONVERSION = YES;
				CLANG_WARN_OBJC_IMPLICIT_RETAIN_SELF = YES;
				CLANG_WARN_OBJC_LITERAL_CONVERSION = YES;
				CLANG_WARN_OBJC_ROOT_CLASS = YES_ERROR;
				CLANG_WARN_QUOTED_INCLUDE_IN_FRAMEWORK_HEADER = YES;
				CLANG_WARN_RANGE_LOOP_ANALYSIS = YES;
				CLANG_WARN_STRICT_PROTOTYPES = YES;
				CLANG_WARN_SUSPICIOUS_MOVE = YES;
				CLANG_WARN_UNGUARDED_AVAILABILITY = YES_AGGRESSIVE;
				CLANG_WARN_UNREACHABLE_CODE = YES;
				CLANG_WARN__DUPLICATE_METHOD_MATCH = YES;
				COPY_PHASE_STRIP = NO;
				DEBUG_INFORMATION_FORMAT = "dwarf-with-dsym";
				ENABLE_NS_ASSERTIONS = NO;
				ENABLE_STRICT_OBJC_MSGSEND = YES;
				GCC_C_LANGUAGE_STANDARD = gnu11;
				GCC_NO_COMMON_BLOCKS = YES;
				GCC_WARN_64_TO_32_BIT_CONVERSION = YES;
				GCC_WARN_ABOUT_RETURN_TYPE = YES_ERROR;
				GCC_WARN_UNDECLARED_SELECTOR = YES;
				GCC_WARN_UNINITIALIZED_AUTOS = YES_AGGRESSIVE;
				GCC_WARN_UNUSED_FUNCTION = YES;
				GCC_WARN_UNUSED_VARIABLE = YES;
				IPHONEOS_DEPLOYMENT_TARGET = 15.2;
				MTL_ENABLE_DEBUG_INFO = NO;
				MTL_FAST_MATH = YES;
				SDKROOT = iphoneos;
				SWIFT_COMPILATION_MODE = wholemodule;
				SWIFT_OPTIMIZATION_LEVEL = "-O";
				VALIDATE_PRODUCT = YES;
			};
			name = Release;
		};
		707D1E7A27DDD0330020557E /* Debug */ = {
			isa = XCBuildConfiguration;
			buildSettings = {
				ASSETCATALOG_COMPILER_APPICON_NAME = AppIcon;
				ASSETCATALOG_COMPILER_GLOBAL_ACCENT_COLOR_NAME = AccentColor;
				CODE_SIGN_STYLE = Automatic;
				CURRENT_PROJECT_VERSION = 1;
				DEVELOPMENT_ASSET_PATHS = "\"Aangilam/Preview Content\"";
				DEVELOPMENT_TEAM = G6KL98HCPY;
				ENABLE_PREVIEWS = YES;
				GENERATE_INFOPLIST_FILE = YES;
				INFOPLIST_KEY_UIApplicationSceneManifest_Generation = YES;
				INFOPLIST_KEY_UIApplicationSupportsIndirectInputEvents = YES;
				INFOPLIST_KEY_UILaunchScreen_Generation = YES;
				INFOPLIST_KEY_UISupportedInterfaceOrientations_iPad = "UIInterfaceOrientationPortrait UIInterfaceOrientationPortraitUpsideDown UIInterfaceOrientationLandscapeLeft UIInterfaceOrientationLandscapeRight";
				INFOPLIST_KEY_UISupportedInterfaceOrientations_iPhone = "UIInterfaceOrientationPortrait UIInterfaceOrientationLandscapeLeft UIInterfaceOrientationLandscapeRight";
				LD_RUNPATH_SEARCH_PATHS = (
					"$(inherited)",
					"@executable_path/Frameworks",
				);
				MARKETING_VERSION = 1.0;
				PRODUCT_BUNDLE_IDENTIFIER = in.selvarajan.aangilam;
				PRODUCT_NAME = Aangilam;
				SWIFT_EMIT_LOC_STRINGS = YES;
				SWIFT_VERSION = 5.0;
				TARGETED_DEVICE_FAMILY = "1,2";
			};
			name = Debug;
		};
		707D1E7B27DDD0330020557E /* Release */ = {
			isa = XCBuildConfiguration;
			buildSettings = {
				ASSETCATALOG_COMPILER_APPICON_NAME = AppIcon;
				ASSETCATALOG_COMPILER_GLOBAL_ACCENT_COLOR_NAME = AccentColor;
				CODE_SIGN_STYLE = Automatic;
				CURRENT_PROJECT_VERSION = 1;
				DEVELOPMENT_ASSET_PATHS = "\"Aangilam/Preview Content\"";
				DEVELOPMENT_TEAM = G6KL98HCPY;
				ENABLE_PREVIEWS = YES;
				GENERATE_INFOPLIST_FILE = YES;
				INFOPLIST_KEY_UIApplicationSceneManifest_Generation = YES;
				INFOPLIST_KEY_UIApplicationSupportsIndirectInputEvents = YES;
				INFOPLIST_KEY_UILaunchScreen_Generation = YES;
				INFOPLIST_KEY_UISupportedInterfaceOrientations_iPad = "UIInterfaceOrientationPortrait UIInterfaceOrientationPortraitUpsideDown UIInterfaceOrientationLandscapeLeft UIInterfaceOrientationLandscapeRight";
				INFOPLIST_KEY_UISupportedInterfaceOrientations_iPhone = "UIInterfaceOrientationPortrait UIInterfaceOrientationLandscapeLeft UIInterfaceOrientationLandscapeRight";
				LD_RUNPATH_SEARCH_PATHS = (
					"$(inherited)",
					"@executable_path/Frameworks",
				);
				MARKETING_VERSION = 1.0;
				PRODUCT_BUNDLE_IDENTIFIER = in.selvarajan.aangilam;
				PRODUCT_NAME = Aangilam;
				SWIFT_EMIT_LOC_STRINGS = YES;
				SWIFT_VERSION = 5.0;
				TARGETED_DEVICE_FAMILY = "1,2";
			};
			name = Release;
		};
/* End XCBuildConfiguration section */

/* Begin XCConfigurationList section */
		707D1E6627DDD02E0020557E /* Build configuration list for PBXProject "Aangilam" */ = {
			isa = XCConfigurationList;
			buildConfigurations = (
				707D1E7727DDD0330020557E /* Debug */,
				707D1E7827DDD0330020557E /* Release */,
			);
			defaultConfigurationIsVisible = 0;
			defaultConfigurationName = Release;
		};
		707D1E7927DDD0330020557E /* Build configuration list for PBXNativeTarget "Aangilam" */ = {
			isa = XCConfigurationList;
			buildConfigurations = (
				707D1E7A27DDD0330020557E /* Debug */,
				707D1E7B27DDD0330020557E /* Release */,
			);
			defaultConfigurationIsVisible = 0;
			defaultConfigurationName = Release;
		};
/* End XCConfigurationList section */

/* Begin XCVersionGroup section */
		707D1E7C27DDE4300020557E /* AangilamModel.xcdatamodeld */ = {
			isa = XCVersionGroup;
			children = (
				707D1E7D27DDE4300020557E /* MozhiModel.xcdatamodel */,
			);
			currentVersion = 707D1E7D27DDE4300020557E /* MozhiModel.xcdatamodel */;
			path = AangilamModel.xcdatamodeld;
			sourceTree = "<group>";
			versionGroupType = wrapper.xcdatamodel;
		};
/* End XCVersionGroup section */
	};
	rootObject = 707D1E6327DDD02E0020557E /* Project object */;
}
